
Microsoft Visual Studio Solution File, Format Version 12.00
# Visual Studio 15
VisualStudioVersion = 15.0.26730.16
MinimumVisualStudioVersion = 10.0.40219.1
Project("{FAE04EC0-301F-11D3-BF4B-00C04F79EFBC}") = "IKoshelev.Roslyn.Mapper", "IKoshelev.Roslyn.Mapper\IKoshelev.Roslyn.Mapper\IKoshelev.Roslyn.Mapper.csproj", "{A163D2FF-CAE6-41D4-A2A8-C1B187AEE0AF}"
EndProject
Project("{FAE04EC0-301F-11D3-BF4B-00C04F79EFBC}") = "IKoshelev.Roslyn.Mapper.Test", "IKoshelev.Roslyn.Mapper\IKoshelev.Roslyn.Mapper.Test\IKoshelev.Roslyn.Mapper.Test.csproj", "{F434EE6B-A4C7-4879-9290-899D8A7C307C}"
EndProject
Project("{FAE04EC0-301F-11D3-BF4B-00C04F79EFBC}") = "IKoshelev.Roslyn.Mapper.Vsix", "IKoshelev.Roslyn.Mapper\IKoshelev.Roslyn.Mapper.Vsix\IKoshelev.Roslyn.Mapper.Vsix.csproj", "{0F0040EA-F423-482F-8DB9-594E87BCA3A9}"
EndProject
Global
	GlobalSection(SolutionConfigurationPlatforms) = preSolution
		Debug|Any CPU = Debug|Any CPU
		Release|Any CPU = Release|Any CPU
	EndGlobalSection
	GlobalSection(ProjectConfigurationPlatforms) = postSolution
		{A163D2FF-CAE6-41D4-A2A8-C1B187AEE0AF}.Debug|Any CPU.ActiveCfg = Debug|Any CPU
		{A163D2FF-CAE6-41D4-A2A8-C1B187AEE0AF}.Debug|Any CPU.Build.0 = Debug|Any CPU
		{A163D2FF-CAE6-41D4-A2A8-C1B187AEE0AF}.Release|Any CPU.ActiveCfg = Release|Any CPU
		{A163D2FF-CAE6-41D4-A2A8-C1B187AEE0AF}.Release|Any CPU.Build.0 = Release|Any CPU
		{F434EE6B-A4C7-4879-9290-899D8A7C307C}.Debug|Any CPU.ActiveCfg = Debug|Any CPU
		{F434EE6B-A4C7-4879-9290-899D8A7C307C}.Debug|Any CPU.Build.0 = Debug|Any CPU
		{F434EE6B-A4C7-4879-9290-899D8A7C307C}.Release|Any CPU.ActiveCfg = Release|Any CPU
		{F434EE6B-A4C7-4879-9290-899D8A7C307C}.Release|Any CPU.Build.0 = Release|Any CPU
		{0F0040EA-F423-482F-8DB9-594E87BCA3A9}.Debug|Any CPU.ActiveCfg = Debug|Any CPU
		{0F0040EA-F423-482F-8DB9-594E87BCA3A9}.Debug|Any CPU.Build.0 = Debug|Any CPU
		{0F0040EA-F423-482F-8DB9-594E87BCA3A9}.Release|Any CPU.ActiveCfg = Release|Any CPU
		{0F0040EA-F423-482F-8DB9-594E87BCA3A9}.Release|Any CPU.Build.0 = Release|Any CPU
	EndGlobalSection
	GlobalSection(SolutionProperties) = preSolution
		HideSolutionNode = FALSE
	EndGlobalSection
	GlobalSection(ExtensibilityGlobals) = postSolution
		SolutionGuid = {D5969A8F-E5F7-4F6F-8CC8-B29E5766E9A2}
	EndGlobalSection
EndGlobal
